// !$*UTF8*$!
{
	archiveVersion = 1;
	classes = {
	};
	objectVersion = 48;
	objects = {

/* Begin PBXBuildFile section */
		27CF162B53131982AEDDFE3F /* Pods_nakrutka_by.framework in Frameworks */ = {isa = PBXBuildFile; fileRef = 08FCF3CDE673C11E95351D8E /* Pods_nakrutka_by.framework */; };
		8DECC3B3202A4DFF00796784 /* AppDelegate.swift in Sources */ = {isa = PBXBuildFile; fileRef = 8DECC3B2202A4DFF00796784 /* AppDelegate.swift */; };
		8DECC3B5202A4DFF00796784 /* ViewController.swift in Sources */ = {isa = PBXBuildFile; fileRef = 8DECC3B4202A4DFF00796784 /* ViewController.swift */; };
		8DECC3B8202A4DFF00796784 /* Main.storyboard in Resources */ = {isa = PBXBuildFile; fileRef = 8DECC3B6202A4DFF00796784 /* Main.storyboard */; };
		8DECC3BA202A4DFF00796784 /* Assets.xcassets in Resources */ = {isa = PBXBuildFile; fileRef = 8DECC3B9202A4DFF00796784 /* Assets.xcassets */; };
		8DECC3BD202A4DFF00796784 /* LaunchScreen.storyboard in Resources */ = {isa = PBXBuildFile; fileRef = 8DECC3BB202A4DFF00796784 /* LaunchScreen.storyboard */; };
		8DECC3C5202A4EB500796784 /* OrderViewController.swift in Sources */ = {isa = PBXBuildFile; fileRef = 8DECC3C4202A4EB500796784 /* OrderViewController.swift */; };
		8DECC3C7202A4F3100796784 /* StatusViewController.swift in Sources */ = {isa = PBXBuildFile; fileRef = 8DECC3C6202A4F3100796784 /* StatusViewController.swift */; };
/* End PBXBuildFile section */

/* Begin PBXFileReference section */
		08FCF3CDE673C11E95351D8E /* Pods_nakrutka_by.framework */ = {isa = PBXFileReference; explicitFileType = wrapper.framework; includeInIndex = 0; path = Pods_nakrutka_by.framework; sourceTree = BUILT_PRODUCTS_DIR; };
		20E4B9753C49D2B5C3DAF752 /* Pods-nakrutka.by.debug.xcconfig */ = {isa = PBXFileReference; includeInIndex = 1; lastKnownFileType = text.xcconfig; name = "Pods-nakrutka.by.debug.xcconfig"; path = "Pods/Target Support Files/Pods-nakrutka.by/Pods-nakrutka.by.debug.xcconfig"; sourceTree = "<group>"; };
		8DECC3AF202A4DFF00796784 /* nakrutka.by.app */ = {isa = PBXFileReference; explicitFileType = wrapper.application; includeInIndex = 0; path = nakrutka.by.app; sourceTree = BUILT_PRODUCTS_DIR; };
		8DECC3B2202A4DFF00796784 /* AppDelegate.swift */ = {isa = PBXFileReference; lastKnownFileType = sourcecode.swift; path = AppDelegate.swift; sourceTree = "<group>"; };
		8DECC3B4202A4DFF00796784 /* ViewController.swift */ = {isa = PBXFileReference; lastKnownFileType = sourcecode.swift; path = ViewController.swift; sourceTree = "<group>"; };
		8DECC3B7202A4DFF00796784 /* Base */ = {isa = PBXFileReference; lastKnownFileType = file.storyboard; name = Base; path = Base.lproj/Main.storyboard; sourceTree = "<group>"; };
		8DECC3B9202A4DFF00796784 /* Assets.xcassets */ = {isa = PBXFileReference; lastKnownFileType = folder.assetcatalog; path = Assets.xcassets; sourceTree = "<group>"; };
		8DECC3BC202A4DFF00796784 /* Base */ = {isa = PBXFileReference; lastKnownFileType = file.storyboard; name = Base; path = Base.lproj/LaunchScreen.storyboard; sourceTree = "<group>"; };
		8DECC3BE202A4DFF00796784 /* Info.plist */ = {isa = PBXFileReference; lastKnownFileType = text.plist.xml; path = Info.plist; sourceTree = "<group>"; };
		8DECC3C4202A4EB500796784 /* OrderViewController.swift */ = {isa = PBXFileReference; lastKnownFileType = sourcecode.swift; path = OrderViewController.swift; sourceTree = "<group>"; };
		8DECC3C6202A4F3100796784 /* StatusViewController.swift */ = {isa = PBXFileReference; lastKnownFileType = sourcecode.swift; path = StatusViewController.swift; sourceTree = "<group>"; };
		9AC203B96E371705F0A716A3 /* Pods-nakrutka.by.release.xcconfig */ = {isa = PBXFileReference; includeInIndex = 1; lastKnownFileType = text.xcconfig; name = "Pods-nakrutka.by.release.xcconfig"; path = "Pods/Target Support Files/Pods-nakrutka.by/Pods-nakrutka.by.release.xcconfig"; sourceTree = "<group>"; };
/* End PBXFileReference section */

/* Begin PBXFrameworksBuildPhase section */
		8DECC3AC202A4DFF00796784 /* Frameworks */ = {
			isa = PBXFrameworksBuildPhase;
			buildActionMask = 2147483647;
			files = (
				27CF162B53131982AEDDFE3F /* Pods_nakrutka_by.framework in Frameworks */,
			);
			runOnlyForDeploymentPostprocessing = 0;
		};
/* End PBXFrameworksBuildPhase section */

/* Begin PBXGroup section */
		34BD83E709A22C645A90FE0C /* Pods */ = {
			isa = PBXGroup;
			children = (
				20E4B9753C49D2B5C3DAF752 /* Pods-nakrutka.by.debug.xcconfig */,
				9AC203B96E371705F0A716A3 /* Pods-nakrutka.by.release.xcconfig */,
			);
			name = Pods;
			sourceTree = "<group>";
		};
		8DECC3A6202A4DFF00796784 = {
			isa = PBXGroup;
			children = (
				8DECC3B1202A4DFF00796784 /* nakrutka.by */,
				8DECC3B0202A4DFF00796784 /* Products */,
				34BD83E709A22C645A90FE0C /* Pods */,
				9B7B0848753868F358076959 /* Frameworks */,
			);
			sourceTree = "<group>";
		};
		8DECC3B0202A4DFF00796784 /* Products */ = {
			isa = PBXGroup;
			children = (
				8DECC3AF202A4DFF00796784 /* nakrutka.by.app */,
			);
			name = Products;
			sourceTree = "<group>";
		};
		8DECC3B1202A4DFF00796784 /* nakrutka.by */ = {
			isa = PBXGroup;
			children = (
				8DECC3C8202A4F3D00796784 /* OrderVC */,
				8DECC3C9202A4F5E00796784 /* StatusVC */,
				8DECC3B2202A4DFF00796784 /* AppDelegate.swift */,
				8DECC3CA202A4F8700796784 /* Services */,
				8DECC3B4202A4DFF00796784 /* ViewController.swift */,
				8DECC3B6202A4DFF00796784 /* Main.storyboard */,
				8DECC3B9202A4DFF00796784 /* Assets.xcassets */,
				8DECC3BB202A4DFF00796784 /* LaunchScreen.storyboard */,
				8DECC3BE202A4DFF00796784 /* Info.plist */,
			);
			path = nakrutka.by;
			sourceTree = "<group>";
		};
		8DECC3C8202A4F3D00796784 /* OrderVC */ = {
			isa = PBXGroup;
			children = (
				8DECC3C4202A4EB500796784 /* OrderViewController.swift */,
			);
			path = OrderVC;
			sourceTree = "<group>";
		};
		8DECC3C9202A4F5E00796784 /* StatusVC */ = {
			isa = PBXGroup;
			children = (
				8DECC3C6202A4F3100796784 /* StatusViewController.swift */,
			);
			path = StatusVC;
			sourceTree = "<group>";
		};
		8DECC3CA202A4F8700796784 /* Services */ = {
			isa = PBXGroup;
			children = (
			);
			path = Services;
			sourceTree = "<group>";
		};
		9B7B0848753868F358076959 /* Frameworks */ = {
			isa = PBXGroup;
			children = (
				08FCF3CDE673C11E95351D8E /* Pods_nakrutka_by.framework */,
			);
			name = Frameworks;
			sourceTree = "<group>";
		};
/* End PBXGroup section */

/* Begin PBXNativeTarget section */
		8DECC3AE202A4DFF00796784 /* nakrutka.by */ = {
			isa = PBXNativeTarget;
			buildConfigurationList = 8DECC3C1202A4DFF00796784 /* Build configuration list for PBXNativeTarget "nakrutka.by" */;
			buildPhases = (
				832AE040263DC8D42918C13A /* [CP] Check Pods Manifest.lock */,
				8DECC3AB202A4DFF00796784 /* Sources */,
				8DECC3AC202A4DFF00796784 /* Frameworks */,
				8DECC3AD202A4DFF00796784 /* Resources */,
				C339BCB2A2946EB607DC8622 /* [CP] Embed Pods Frameworks */,
				A2460F83FD9CAE2F9DA6F2B8 /* [CP] Copy Pods Resources */,
			);
			buildRules = (
			);
			dependencies = (
			);
			name = nakrutka.by;
			productName = nakrutka.by;
			productReference = 8DECC3AF202A4DFF00796784 /* nakrutka.by.app */;
			productType = "com.apple.product-type.application";
		};
/* End PBXNativeTarget section */

/* Begin PBXProject section */
		8DECC3A7202A4DFF00796784 /* Project object */ = {
			isa = PBXProject;
			attributes = {
				LastSwiftUpdateCheck = 0920;
				LastUpgradeCheck = 0920;
				ORGANIZATIONNAME = "Lubomir Olshansky";
				TargetAttributes = {
					8DECC3AE202A4DFF00796784 = {
						CreatedOnToolsVersion = 9.2;
						ProvisioningStyle = Automatic;
					};
				};
			};
			buildConfigurationList = 8DECC3AA202A4DFF00796784 /* Build configuration list for PBXProject "nakrutka.by" */;
			compatibilityVersion = "Xcode 8.0";
			developmentRegion = en;
			hasScannedForEncodings = 0;
			knownRegions = (
				en,
				Base,
			);
			mainGroup = 8DECC3A6202A4DFF00796784;
			productRefGroup = 8DECC3B0202A4DFF00796784 /* Products */;
			projectDirPath = "";
			projectRoot = "";
			targets = (
				8DECC3AE202A4DFF00796784 /* nakrutka.by */,
			);
		};
/* End PBXProject section */

/* Begin PBXResourcesBuildPhase section */
		8DECC3AD202A4DFF00796784 /* Resources */ = {
			isa = PBXResourcesBuildPhase;
			buildActionMask = 2147483647;
			files = (
				8DECC3BD202A4DFF00796784 /* LaunchScreen.storyboard in Resources */,
				8DECC3BA202A4DFF00796784 /* Assets.xcassets in Resources */,
				8DECC3B8202A4DFF00796784 /* Main.storyboard in Resources */,
			);
			runOnlyForDeploymentPostprocessing = 0;
		};
/* End PBXResourcesBuildPhase section */

/* Begin PBXShellScriptBuildPhase section */
		832AE040263DC8D42918C13A /* [CP] Check Pods Manifest.lock */ = {
			isa = PBXShellScriptBuildPhase;
			buildActionMask = 2147483647;
			files = (
			);
			inputPaths = (
				"${PODS_PODFILE_DIR_PATH}/Podfile.lock",
				"${PODS_ROOT}/Manifest.lock",
			);
			name = "[CP] Check Pods Manifest.lock";
			outputPaths = (
				"$(DERIVED_FILE_DIR)/Pods-nakrutka.by-checkManifestLockResult.txt",
			);
			runOnlyForDeploymentPostprocessing = 0;
			shellPath = /bin/sh;
			shellScript = "diff \"${PODS_PODFILE_DIR_PATH}/Podfile.lock\" \"${PODS_ROOT}/Manifest.lock\" > /dev/null\nif [ $? != 0 ] ; then\n    # print error to STDERR\n    echo \"error: The sandbox is not in sync with the Podfile.lock. Run 'pod install' or update your CocoaPods installation.\" >&2\n    exit 1\nfi\n# This output is used by Xcode 'outputs' to avoid re-running this script phase.\necho \"SUCCESS\" > \"${SCRIPT_OUTPUT_FILE_0}\"\n";
			showEnvVarsInLog = 0;
		};
		A2460F83FD9CAE2F9DA6F2B8 /* [CP] Copy Pods Resources */ = {
			isa = PBXShellScriptBuildPhase;
			buildActionMask = 2147483647;
			files = (
			);
			inputPaths = (
			);
			name = "[CP] Copy Pods Resources";
			outputPaths = (
			);
			runOnlyForDeploymentPostprocessing = 0;
			shellPath = /bin/sh;
			shellScript = "\"${SRCROOT}/Pods/Target Support Files/Pods-nakrutka.by/Pods-nakrutka.by-resources.sh\"\n";
			showEnvVarsInLog = 0;
		};
		C339BCB2A2946EB607DC8622 /* [CP] Embed Pods Frameworks */ = {
			isa = PBXShellScriptBuildPhase;
			buildActionMask = 2147483647;
			files = (
			);
			inputPaths = (
				"${SRCROOT}/Pods/Target Support Files/Pods-nakrutka.by/Pods-nakrutka.by-frameworks.sh",
				"${BUILT_PRODUCTS_DIR}/Alamofire/Alamofire.framework",
				"${BUILT_PRODUCTS_DIR}/SwiftyJSON/SwiftyJSON.framework",
			);
			name = "[CP] Embed Pods Frameworks";
			outputPaths = (
				"${TARGET_BUILD_DIR}/${FRAMEWORKS_FOLDER_PATH}/Alamofire.framework",
				"${TARGET_BUILD_DIR}/${FRAMEWORKS_FOLDER_PATH}/SwiftyJSON.framework",
			);
			runOnlyForDeploymentPostprocessing = 0;
			shellPath = /bin/sh;
			shellScript = "\"${SRCROOT}/Pods/Target Support Files/Pods-nakrutka.by/Pods-nakrutka.by-frameworks.sh\"\n";
			showEnvVarsInLog = 0;
		};
/* End PBXShellScriptBuildPhase section */

/* Begin PBXSourcesBuildPhase section */
		8DECC3AB202A4DFF00796784 /* Sources */ = {
			isa = PBXSourcesBuildPhase;
			buildActionMask = 2147483647;
			files = (
				8DECC3C7202A4F3100796784 /* StatusViewController.swift in Sources */,
				8DECC3B5202A4DFF00796784 /* ViewController.swift in Sources */,
				8DECC3B3202A4DFF00796784 /* AppDelegate.swift in Sources */,
				8DECC3C5202A4EB500796784 /* OrderViewController.swift in Sources */,
			);
			runOnlyForDeploymentPostprocessing = 0;
		};
/* End PBXSourcesBuildPhase section */

/* Begin PBXVariantGroup section */
		8DECC3B6202A4DFF00796784 /* Main.storyboard */ = {
			isa = PBXVariantGroup;
			children = (
				8DECC3B7202A4DFF00796784 /* Base */,
			);
			name = Main.storyboard;
			sourceTree = "<group>";
		};
		8DECC3BB202A4DFF00796784 /* LaunchScreen.storyboard */ = {
			isa = PBXVariantGroup;
			children = (
				8DECC3BC202A4DFF00796784 /* Base */,
			);
			name = LaunchScreen.storyboard;
			sourceTree = "<group>";
		};
/* End PBXVariantGroup section */

/* Begin XCBuildConfiguration section */
		8DECC3BF202A4DFF00796784 /* Debug */ = {
			isa = XCBuildConfiguration;
			buildSettings = {
				ALWAYS_SEARCH_USER_PATHS = NO;
				CLANG_ANALYZER_NONNULL = YES;
				CLANG_ANALYZER_NUMBER_OBJECT_CONVERSION = YES_AGGRESSIVE;
				CLANG_CXX_LANGUAGE_STANDARD = "gnu++14";
				CLANG_CXX_LIBRARY = "libc++";
				CLANG_ENABLE_MODULES = YES;
				CLANG_ENABLE_OBJC_ARC = YES;
				CLANG_WARN_BLOCK_CAPTURE_AUTORELEASING = YES;
				CLANG_WARN_BOOL_CONVERSION = YES;
				CLANG_WARN_COMMA = YES;
				CLANG_WARN_CONSTANT_CONVERSION = YES;
				CLANG_WARN_DIRECT_OBJC_ISA_USAGE = YES_ERROR;
				CLANG_WARN_DOCUMENTATION_COMMENTS = YES;
				CLANG_WARN_EMPTY_BODY = YES;
				CLANG_WARN_ENUM_CONVERSION = YES;
				CLANG_WARN_INFINITE_RECURSION = YES;
				CLANG_WARN_INT_CONVERSION = YES;
				CLANG_WARN_NON_LITERAL_NULL_CONVERSION = YES;
				CLANG_WARN_OBJC_LITERAL_CONVERSION = YES;
				CLANG_WARN_OBJC_ROOT_CLASS = YES_ERROR;
				CLANG_WARN_RANGE_LOOP_ANALYSIS = YES;
				CLANG_WARN_STRICT_PROTOTYPES = YES;
				CLANG_WARN_SUSPICIOUS_MOVE = YES;
				CLANG_WARN_UNGUARDED_AVAILABILITY = YES_AGGRESSIVE;
				CLANG_WARN_UNREACHABLE_CODE = YES;
				CLANG_WARN__DUPLICATE_METHOD_MATCH = YES;
				CODE_SIGN_IDENTITY = "iPhone Developer";
				COPY_PHASE_STRIP = NO;
				DEBUG_INFORMATION_FORMAT = dwarf;
				ENABLE_STRICT_OBJC_MSGSEND = YES;
				ENABLE_TESTABILITY = YES;
				GCC_C_LANGUAGE_STANDARD = gnu11;
				GCC_DYNAMIC_NO_PIC = NO;
				GCC_NO_COMMON_BLOCKS = YES;
				GCC_OPTIMIZATION_LEVEL = 0;
				GCC_PREPROCESSOR_DEFINITIONS = (
					"DEBUG=1",
					"$(inherited)",
				);
				GCC_WARN_64_TO_32_BIT_CONVERSION = YES;
				GCC_WARN_ABOUT_RETURN_TYPE = YES_ERROR;
				GCC_WARN_UNDECLARED_SELECTOR = YES;
				GCC_WARN_UNINITIALIZED_AUTOS = YES_AGGRESSIVE;
				GCC_WARN_UNUSED_FUNCTION = YES;
				GCC_WARN_UNUSED_VARIABLE = YES;
				IPHONEOS_DEPLOYMENT_TARGET = 11.2;
				MTL_ENABLE_DEBUG_INFO = YES;
				ONLY_ACTIVE_ARCH = YES;
				SDKROOT = iphoneos;
				SWIFT_ACTIVE_COMPILATION_CONDITIONS = DEBUG;
				SWIFT_OPTIMIZATION_LEVEL = "-Onone";
			};
			name = Debug;
		};
		8DECC3C0202A4DFF00796784 /* Release */ = {
			isa = XCBuildConfiguration;
			buildSettings = {
				ALWAYS_SEARCH_USER_PATHS = NO;
				CLANG_ANALYZER_NONNULL = YES;
				CLANG_ANALYZER_NUMBER_OBJECT_CONVERSION = YES_AGGRESSIVE;
				CLANG_CXX_LANGUAGE_STANDARD = "gnu++14";
				CLANG_CXX_LIBRARY = "libc++";
				CLANG_ENABLE_MODULES = YES;
				CLANG_ENABLE_OBJC_ARC = YES;
				CLANG_WARN_BLOCK_CAPTURE_AUTORELEASING = YES;
				CLANG_WARN_BOOL_CONVERSION = YES;
				CLANG_WARN_COMMA = YES;
				CLANG_WARN_CONSTANT_CONVERSION = YES;
				CLANG_WARN_DIRECT_OBJC_ISA_USAGE = YES_ERROR;
				CLANG_WARN_DOCUMENTATION_COMMENTS = YES;
				CLANG_WARN_EMPTY_BODY = YES;
				CLANG_WARN_ENUM_CONVERSION = YES;
				CLANG_WARN_INFINITE_RECURSION = YES;
				CLANG_WARN_INT_CONVERSION = YES;
				CLANG_WARN_NON_LITERAL_NULL_CONVERSION = YES;
				CLANG_WARN_OBJC_LITERAL_CONVERSION = YES;
				CLANG_WARN_OBJC_ROOT_CLASS = YES_ERROR;
				CLANG_WARN_RANGE_LOOP_ANALYSIS = YES;
				CLANG_WARN_STRICT_PROTOTYPES = YES;
				CLANG_WARN_SUSPICIOUS_MOVE = YES;
				CLANG_WARN_UNGUARDED_AVAILABILITY = YES_AGGRESSIVE;
				CLANG_WARN_UNREACHABLE_CODE = YES;
				CLANG_WARN__DUPLICATE_METHOD_MATCH = YES;
				CODE_SIGN_IDENTITY = "iPhone Developer";
				COPY_PHASE_STRIP = NO;
				DEBUG_INFORMATION_FORMAT = "dwarf-with-dsym";
				ENABLE_NS_ASSERTIONS = NO;
				ENABLE_STRICT_OBJC_MSGSEND = YES;
				GCC_C_LANGUAGE_STANDARD = gnu11;
				GCC_NO_COMMON_BLOCKS = YES;
				GCC_WARN_64_TO_32_BIT_CONVERSION = YES;
				GCC_WARN_ABOUT_RETURN_TYPE = YES_ERROR;
				GCC_WARN_UNDECLARED_SELECTOR = YES;
				GCC_WARN_UNINITIALIZED_AUTOS = YES_AGGRESSIVE;
				GCC_WARN_UNUSED_FUNCTION = YES;
				GCC_WARN_UNUSED_VARIABLE = YES;
				IPHONEOS_DEPLOYMENT_TARGET = 11.2;
				MTL_ENABLE_DEBUG_INFO = NO;
				SDKROOT = iphoneos;
				SWIFT_OPTIMIZATION_LEVEL = "-Owholemodule";
				VALIDATE_PRODUCT = YES;
			};
			name = Release;
		};
		8DECC3C2202A4DFF00796784 /* Debug */ = {
			isa = XCBuildConfiguration;
			baseConfigurationReference = 20E4B9753C49D2B5C3DAF752 /* Pods-nakrutka.by.debug.xcconfig */;
			buildSettings = {
				ASSETCATALOG_COMPILER_APPICON_NAME = AppIcon;
				CODE_SIGN_STYLE = Automatic;
				DEVELOPMENT_TEAM = S6PVT5UP7G;
				INFOPLIST_FILE = nakrutka.by/Info.plist;
				LD_RUNPATH_SEARCH_PATHS = "$(inherited) @executable_path/Frameworks";
				PRODUCT_BUNDLE_IDENTIFIER = "LO.nakrutka-by";
				PRODUCT_NAME = "$(TARGET_NAME)";
				SWIFT_VERSION = 4.0;
				TARGETED_DEVICE_FAMILY = "1,2";
			};
			name = Debug;
		};
		8DECC3C3202A4DFF00796784 /* Release */ = {
			isa = XCBuildConfiguration;
			baseConfigurationReference = 9AC203B96E371705F0A716A3 /* Pods-nakrutka.by.release.xcconfig */;
			buildSettings = {
				ASSETCATALOG_COMPILER_APPICON_NAME = AppIcon;
				CODE_SIGN_STYLE = Automatic;
				DEVELOPMENT_TEAM = S6PVT5UP7G;
				INFOPLIST_FILE = nakrutka.by/Info.plist;
				LD_RUNPATH_SEARCH_PATHS = "$(inherited) @executable_path/Frameworks";
				PRODUCT_BUNDLE_IDENTIFIER = "LO.nakrutka-by";
				PRODUCT_NAME = "$(TARGET_NAME)";
				SWIFT_VERSION = 4.0;
				TARGETED_DEVICE_FAMILY = "1,2";
			};
			name = Release;
		};
/* End XCBuildConfiguration section */

/* Begin XCConfigurationList section */
		8DECC3AA202A4DFF00796784 /* Build configuration list for PBXProject "nakrutka.by" */ = {
			isa = XCConfigurationList;
			buildConfigurations = (
				8DECC3BF202A4DFF00796784 /* Debug */,
				8DECC3C0202A4DFF00796784 /* Release */,
			);
			defaultConfigurationIsVisible = 0;
			defaultConfigurationName = Release;
		};
		8DECC3C1202A4DFF00796784 /* Build configuration list for PBXNativeTarget "nakrutka.by" */ = {
			isa = XCConfigurationList;
			buildConfigurations = (
				8DECC3C2202A4DFF00796784 /* Debug */,
				8DECC3C3202A4DFF00796784 /* Release */,
			);
			defaultConfigurationIsVisible = 0;
			defaultConfigurationName = Release;
		};
/* End XCConfigurationList section */
	};
	rootObject = 8DECC3A7202A4DFF00796784 /* Project object */;
}
